
Microsoft Visual Studio Solution File, Format Version 12.00
# Visual Studio Version 16
VisualStudioVersion = 16.0.31515.178
MinimumVisualStudioVersion = 10.0.40219.1
Project("{FAE04EC0-301F-11D3-BF4B-00C04F79EFBC}") = "ComicBookGalleryModel", "ComicBookGalleryModel\ComicBookGalleryModel.csproj", "{E045D1D1-4D40-49C0-98BA-CA5EC73C352F}"
EndProject
Global
	GlobalSection(SolutionConfigurationPlatforms) = preSolution
		Debug|Any CPU = Debug|Any CPU
		Release|Any CPU = Release|Any CPU
	EndGlobalSection
	GlobalSection(ProjectConfigurationPlatforms) = postSolution
		{E045D1D1-4D40-49C0-98BA-CA5EC73C352F}.Debug|Any CPU.ActiveCfg = Debug|Any CPU
		{E045D1D1-4D40-49C0-98BA-CA5EC73C352F}.Debug|Any CPU.Build.0 = Debug|Any CPU
		{E045D1D1-4D40-49C0-98BA-CA5EC73C352F}.Release|Any CPU.ActiveCfg = Release|Any CPU
		{E045D1D1-4D40-49C0-98BA-CA5EC73C352F}.Release|Any CPU.Build.0 = Release|Any CPU
	EndGlobalSection
	GlobalSection(SolutionProperties) = preSolution
		HideSolutionNode = FALSE
	EndGlobalSection
	GlobalSection(ExtensibilityGlobals) = postSolution
		SolutionGuid = {90459AA1-C1ED-434F-8DF1-BE519022BB2C}
	EndGlobalSection
EndGlobal
